// !$*UTF8*$!
{
	archiveVersion = 1;
	classes = {
	};
	objectVersion = 46;
	objects = {

/* Begin PBXBuildFile section */
		0AEE3EFB1CAAD81B006F0348 /* main.c in Sources */ = {isa = PBXBuildFile; fileRef = 0AEE3EFA1CAAD81B006F0348 /* main.c */; };
		0AEE3F031CAAD845006F0348 /* lex.l in Sources */ = {isa = PBXBuildFile; fileRef = 0AEE3F011CAAD844006F0348 /* lex.l */; };
		0AEE3F061CAADC24006F0348 /* test.txt in CopyFiles */ = {isa = PBXBuildFile; fileRef = 0AEE3F051CAADB78006F0348 /* test.txt */; };
		0AEE3F081CAAF560006F0348 /* parser.y in Sources */ = {isa = PBXBuildFile; fileRef = 0AEE3F071CAAF560006F0348 /* parser.y */; };
		0AEE3F101CAB34A7006F0348 /* ast.c in Sources */ = {isa = PBXBuildFile; fileRef = 0AEE3F0E1CAB34A7006F0348 /* ast.c */; };
/* End PBXBuildFile section */

/* Begin PBXBuildRule section */
		0AEE3F091CAAFDA0006F0348 /* PBXBuildRule */ = {
			isa = PBXBuildRule;
			compilerSpec = com.apple.compilers.yacc;
			fileType = sourcecode.yacc;
			isEditable = 1;
			outputFiles = (
			);
			script = "# $(YACC)\n";
		};
/* End PBXBuildRule section */

/* Begin PBXCopyFilesBuildPhase section */
		0AEE3EF51CAAD81B006F0348 /* CopyFiles */ = {
			isa = PBXCopyFilesBuildPhase;
			buildActionMask = 12;
			dstPath = "";
			dstSubfolderSpec = 16;
			files = (
				0AEE3F061CAADC24006F0348 /* test.txt in CopyFiles */,
			);
			runOnlyForDeploymentPostprocessing = 0;
		};
/* End PBXCopyFilesBuildPhase section */

/* Begin PBXFileReference section */
		0AEE3EF71CAAD81B006F0348 /* stackyII-cc */ = {isa = PBXFileReference; explicitFileType = "compiled.mach-o.executable"; includeInIndex = 0; path = "stackyII-cc"; sourceTree = BUILT_PRODUCTS_DIR; };
		0AEE3EFA1CAAD81B006F0348 /* main.c */ = {isa = PBXFileReference; lastKnownFileType = sourcecode.c.c; path = main.c; sourceTree = "<group>"; };
		0AEE3F011CAAD844006F0348 /* lex.l */ = {isa = PBXFileReference; fileEncoding = 4; lastKnownFileType = sourcecode.lex; path = lex.l; sourceTree = "<group>"; };
		0AEE3F051CAADB78006F0348 /* test.txt */ = {isa = PBXFileReference; fileEncoding = 4; lastKnownFileType = text; path = test.txt; sourceTree = "<group>"; };
		0AEE3F071CAAF560006F0348 /* parser.y */ = {isa = PBXFileReference; fileEncoding = 4; lastKnownFileType = sourcecode.yacc; path = parser.y; sourceTree = "<group>"; xcLanguageSpecificationIdentifier = xcode.lang.c; };
		0AEE3F0D1CAB1BB9006F0348 /* main.h */ = {isa = PBXFileReference; lastKnownFileType = sourcecode.c.h; path = main.h; sourceTree = "<group>"; };
		0AEE3F0E1CAB34A7006F0348 /* ast.c */ = {isa = PBXFileReference; fileEncoding = 4; lastKnownFileType = sourcecode.c.c; path = ast.c; sourceTree = "<group>"; };
		0AEE3F0F1CAB34A7006F0348 /* ast.h */ = {isa = PBXFileReference; fileEncoding = 4; lastKnownFileType = sourcecode.c.h; path = ast.h; sourceTree = "<group>"; };
/* End PBXFileReference section */

/* Begin PBXFrameworksBuildPhase section */
		0AEE3EF41CAAD81B006F0348 /* Frameworks */ = {
			isa = PBXFrameworksBuildPhase;
			buildActionMask = 2147483647;
			files = (
			);
			runOnlyForDeploymentPostprocessing = 0;
		};
/* End PBXFrameworksBuildPhase section */

/* Begin PBXGroup section */
		0AEE3EEE1CAAD81B006F0348 = {
			isa = PBXGroup;
			children = (
				0AEE3EF91CAAD81B006F0348 /* stackyII-cc */,
				0AEE3EF81CAAD81B006F0348 /* Products */,
			);
			sourceTree = "<group>";
		};
		0AEE3EF81CAAD81B006F0348 /* Products */ = {
			isa = PBXGroup;
			children = (
				0AEE3EF71CAAD81B006F0348 /* stackyII-cc */,
			);
			name = Products;
			sourceTree = "<group>";
		};
		0AEE3EF91CAAD81B006F0348 /* stackyII-cc */ = {
			isa = PBXGroup;
			children = (
				0AEE3EFA1CAAD81B006F0348 /* main.c */,
				0AEE3F0D1CAB1BB9006F0348 /* main.h */,
				0AEE3F011CAAD844006F0348 /* lex.l */,
				0AEE3F071CAAF560006F0348 /* parser.y */,
				0AEE3F0E1CAB34A7006F0348 /* ast.c */,
				0AEE3F0F1CAB34A7006F0348 /* ast.h */,
				0AEE3F051CAADB78006F0348 /* test.txt */,
			);
			path = "stackyII-cc";
			sourceTree = "<group>";
		};
/* End PBXGroup section */

/* Begin PBXNativeTarget section */
		0AEE3EF61CAAD81B006F0348 /* stackyII-cc */ = {
			isa = PBXNativeTarget;
			buildConfigurationList = 0AEE3EFE1CAAD81B006F0348 /* Build configuration list for PBXNativeTarget "stackyII-cc" */;
			buildPhases = (
				0AEE3EF31CAAD81B006F0348 /* Sources */,
				0AEE3EF41CAAD81B006F0348 /* Frameworks */,
				0AEE3EF51CAAD81B006F0348 /* CopyFiles */,
			);
			buildRules = (
				0AEE3F091CAAFDA0006F0348 /* PBXBuildRule */,
			);
			dependencies = (
			);
			name = "stackyII-cc";
			productName = "stackyII-cc";
			productReference = 0AEE3EF71CAAD81B006F0348 /* stackyII-cc */;
			productType = "com.apple.product-type.tool";
		};
/* End PBXNativeTarget section */

/* Begin PBXProject section */
		0AEE3EEF1CAAD81B006F0348 /* Project object */ = {
			isa = PBXProject;
			attributes = {
				LastUpgradeCheck = 0730;
				ORGANIZATIONNAME = "Michael Nolan";
				TargetAttributes = {
					0AEE3EF61CAAD81B006F0348 = {
						CreatedOnToolsVersion = 7.3;
					};
				};
			};
			buildConfigurationList = 0AEE3EF21CAAD81B006F0348 /* Build configuration list for PBXProject "stackyII-cc" */;
			compatibilityVersion = "Xcode 3.2";
			developmentRegion = English;
			hasScannedForEncodings = 0;
			knownRegions = (
				en,
			);
			mainGroup = 0AEE3EEE1CAAD81B006F0348;
			productRefGroup = 0AEE3EF81CAAD81B006F0348 /* Products */;
			projectDirPath = "";
			projectRoot = "";
			targets = (
				0AEE3EF61CAAD81B006F0348 /* stackyII-cc */,
			);
		};
/* End PBXProject section */

/* Begin PBXSourcesBuildPhase section */
		0AEE3EF31CAAD81B006F0348 /* Sources */ = {
			isa = PBXSourcesBuildPhase;
			buildActionMask = 2147483647;
			files = (
				0AEE3F081CAAF560006F0348 /* parser.y in Sources */,
				0AEE3F031CAAD845006F0348 /* lex.l in Sources */,
				0AEE3F101CAB34A7006F0348 /* ast.c in Sources */,
				0AEE3EFB1CAAD81B006F0348 /* main.c in Sources */,
			);
			runOnlyForDeploymentPostprocessing = 0;
		};
/* End PBXSourcesBuildPhase section */

/* Begin XCBuildConfiguration section */
		0AEE3EFC1CAAD81B006F0348 /* Debug */ = {
			isa = XCBuildConfiguration;
			buildSettings = {
				ALWAYS_SEARCH_USER_PATHS = NO;
				CLANG_ANALYZER_NONNULL = YES;
				CLANG_CXX_LANGUAGE_STANDARD = "gnu++0x";
				CLANG_CXX_LIBRARY = "libc++";
				CLANG_ENABLE_MODULES = YES;
				CLANG_ENABLE_OBJC_ARC = YES;
				CLANG_WARN_BOOL_CONVERSION = YES;
				CLANG_WARN_CONSTANT_CONVERSION = YES;
				CLANG_WARN_DIRECT_OBJC_ISA_USAGE = YES_ERROR;
				CLANG_WARN_EMPTY_BODY = YES;
				CLANG_WARN_ENUM_CONVERSION = YES;
				CLANG_WARN_INT_CONVERSION = YES;
				CLANG_WARN_OBJC_ROOT_CLASS = YES_ERROR;
				CLANG_WARN_UNREACHABLE_CODE = YES;
				CLANG_WARN__DUPLICATE_METHOD_MATCH = YES;
				CODE_SIGN_IDENTITY = "-";
				COPY_PHASE_STRIP = NO;
				DEBUG_INFORMATION_FORMAT = dwarf;
				ENABLE_STRICT_OBJC_MSGSEND = YES;
				ENABLE_TESTABILITY = YES;
				GCC_C_LANGUAGE_STANDARD = gnu99;
				GCC_DYNAMIC_NO_PIC = NO;
				GCC_NO_COMMON_BLOCKS = YES;
				GCC_OPTIMIZATION_LEVEL = 0;
				GCC_PREPROCESSOR_DEFINITIONS = (
					"DEBUG=1",
					"$(inherited)",
				);
				GCC_WARN_64_TO_32_BIT_CONVERSION = YES;
				GCC_WARN_ABOUT_RETURN_TYPE = YES_ERROR;
				GCC_WARN_UNDECLARED_SELECTOR = YES;
				GCC_WARN_UNINITIALIZED_AUTOS = YES_AGGRESSIVE;
				GCC_WARN_UNUSED_FUNCTION = YES;
				GCC_WARN_UNUSED_VARIABLE = YES;
				MACOSX_DEPLOYMENT_TARGET = 10.11;
				MTL_ENABLE_DEBUG_INFO = YES;
				ONLY_ACTIVE_ARCH = YES;
				SDKROOT = macosx;
			};
			name = Debug;
		};
		0AEE3EFD1CAAD81B006F0348 /* Release */ = {
			isa = XCBuildConfiguration;
			buildSettings = {
				ALWAYS_SEARCH_USER_PATHS = NO;
				CLANG_ANALYZER_NONNULL = YES;
				CLANG_CXX_LANGUAGE_STANDARD = "gnu++0x";
				CLANG_CXX_LIBRARY = "libc++";
				CLANG_ENABLE_MODULES = YES;
				CLANG_ENABLE_OBJC_ARC = YES;
				CLANG_WARN_BOOL_CONVERSION = YES;
				CLANG_WARN_CONSTANT_CONVERSION = YES;
				CLANG_WARN_DIRECT_OBJC_ISA_USAGE = YES_ERROR;
				CLANG_WARN_EMPTY_BODY = YES;
				CLANG_WARN_ENUM_CONVERSION = YES;
				CLANG_WARN_INT_CONVERSION = YES;
				CLANG_WARN_OBJC_ROOT_CLASS = YES_ERROR;
				CLANG_WARN_UNREACHABLE_CODE = YES;
				CLANG_WARN__DUPLICATE_METHOD_MATCH = YES;
				CODE_SIGN_IDENTITY = "-";
				COPY_PHASE_STRIP = NO;
				DEBUG_INFORMATION_FORMAT = "dwarf-with-dsym";
				ENABLE_NS_ASSERTIONS = NO;
				ENABLE_STRICT_OBJC_MSGSEND = YES;
				GCC_C_LANGUAGE_STANDARD = gnu99;
				GCC_NO_COMMON_BLOCKS = YES;
				GCC_WARN_64_TO_32_BIT_CONVERSION = YES;
				GCC_WARN_ABOUT_RETURN_TYPE = YES_ERROR;
				GCC_WARN_UNDECLARED_SELECTOR = YES;
				GCC_WARN_UNINITIALIZED_AUTOS = YES_AGGRESSIVE;
				GCC_WARN_UNUSED_FUNCTION = YES;
				GCC_WARN_UNUSED_VARIABLE = YES;
				MACOSX_DEPLOYMENT_TARGET = 10.11;
				MTL_ENABLE_DEBUG_INFO = NO;
				SDKROOT = macosx;
			};
			name = Release;
		};
		0AEE3EFF1CAAD81B006F0348 /* Debug */ = {
			isa = XCBuildConfiguration;
			buildSettings = {
				PRODUCT_NAME = "$(TARGET_NAME)";
			};
			name = Debug;
		};
		0AEE3F001CAAD81B006F0348 /* Release */ = {
			isa = XCBuildConfiguration;
			buildSettings = {
				PRODUCT_NAME = "$(TARGET_NAME)";
			};
			name = Release;
		};
/* End XCBuildConfiguration section */

/* Begin XCConfigurationList section */
		0AEE3EF21CAAD81B006F0348 /* Build configuration list for PBXProject "stackyII-cc" */ = {
			isa = XCConfigurationList;
			buildConfigurations = (
				0AEE3EFC1CAAD81B006F0348 /* Debug */,
				0AEE3EFD1CAAD81B006F0348 /* Release */,
			);
			defaultConfigurationIsVisible = 0;
			defaultConfigurationName = Release;
		};
		0AEE3EFE1CAAD81B006F0348 /* Build configuration list for PBXNativeTarget "stackyII-cc" */ = {
			isa = XCConfigurationList;
			buildConfigurations = (
				0AEE3EFF1CAAD81B006F0348 /* Debug */,
				0AEE3F001CAAD81B006F0348 /* Release */,
			);
			defaultConfigurationIsVisible = 0;
		};
/* End XCConfigurationList section */
	};
	rootObject = 0AEE3EEF1CAAD81B006F0348 /* Project object */;
}
